
Microsoft Visual Studio Solution File, Format Version 12.00
# Visual Studio Version 17
VisualStudioVersion = 17.8.34511.84
MinimumVisualStudioVersion = 10.0.40219.1
Project("{FAE04EC0-301F-11D3-BF4B-00C04F79EFBC}") = "procedurewithADO", "procedurewithADO\procedurewithADO.csproj", "{9A16A66E-370E-426A-A5FF-063BBA487508}"
EndProject
Global
	GlobalSection(SolutionConfigurationPlatforms) = preSolution
		Debug|Any CPU = Debug|Any CPU
		Release|Any CPU = Release|Any CPU
	EndGlobalSection
	GlobalSection(ProjectConfigurationPlatforms) = postSolution
		{9A16A66E-370E-426A-A5FF-063BBA487508}.Debug|Any CPU.ActiveCfg = Debug|Any CPU
		{9A16A66E-370E-426A-A5FF-063BBA487508}.Debug|Any CPU.Build.0 = Debug|Any CPU
		{9A16A66E-370E-426A-A5FF-063BBA487508}.Release|Any CPU.ActiveCfg = Release|Any CPU
		{9A16A66E-370E-426A-A5FF-063BBA487508}.Release|Any CPU.Build.0 = Release|Any CPU
	EndGlobalSection
	GlobalSection(SolutionProperties) = preSolution
		HideSolutionNode = FALSE
	EndGlobalSection
	GlobalSection(ExtensibilityGlobals) = postSolution
		SolutionGuid = {7FD66D2D-D06E-4891-9759-BCD72ED38ED9}
	EndGlobalSection
EndGlobal
